
Microsoft Visual Studio Solution File, Format Version 12.00
# Visual Studio Version 16
VisualStudioVersion = 16.0.34601.136
MinimumVisualStudioVersion = 10.0.40219.1
Project("{FAE04EC0-301F-11D3-BF4B-00C04F79EFBC}") = "CapaInstructorAdmin", "CapaInstructorAdmin\CapaInstructorAdmin.csproj", "{DC212546-372D-424F-A8E7-B08EECE8C894}"
EndProject
Project("{FAE04EC0-301F-11D3-BF4B-00C04F79EFBC}") = "CapaDatos", "CapaDatos\CapaDatos.csproj", "{C4192DCD-D8BB-4222-B13F-D1ACB041D074}"
EndProject
Project("{FAE04EC0-301F-11D3-BF4B-00C04F79EFBC}") = "CapaTablas", "CapaTablas\CapaTablas.csproj", "{A735051D-4D10-42B4-9343-7D714259ECE2}"
EndProject
Global
	GlobalSection(SolutionConfigurationPlatforms) = preSolution
		Debug|Any CPU = Debug|Any CPU
		Release|Any CPU = Release|Any CPU
	EndGlobalSection
	GlobalSection(ProjectConfigurationPlatforms) = postSolution
		{DC212546-372D-424F-A8E7-B08EECE8C894}.Debug|Any CPU.ActiveCfg = Debug|Any CPU
		{DC212546-372D-424F-A8E7-B08EECE8C894}.Debug|Any CPU.Build.0 = Debug|Any CPU
		{DC212546-372D-424F-A8E7-B08EECE8C894}.Release|Any CPU.ActiveCfg = Release|Any CPU
		{DC212546-372D-424F-A8E7-B08EECE8C894}.Release|Any CPU.Build.0 = Release|Any CPU
		{C4192DCD-D8BB-4222-B13F-D1ACB041D074}.Debug|Any CPU.ActiveCfg = Debug|Any CPU
		{C4192DCD-D8BB-4222-B13F-D1ACB041D074}.Debug|Any CPU.Build.0 = Debug|Any CPU
		{C4192DCD-D8BB-4222-B13F-D1ACB041D074}.Release|Any CPU.ActiveCfg = Release|Any CPU
		{C4192DCD-D8BB-4222-B13F-D1ACB041D074}.Release|Any CPU.Build.0 = Release|Any CPU
		{A735051D-4D10-42B4-9343-7D714259ECE2}.Debug|Any CPU.ActiveCfg = Debug|Any CPU
		{A735051D-4D10-42B4-9343-7D714259ECE2}.Debug|Any CPU.Build.0 = Debug|Any CPU
		{A735051D-4D10-42B4-9343-7D714259ECE2}.Release|Any CPU.ActiveCfg = Release|Any CPU
		{A735051D-4D10-42B4-9343-7D714259ECE2}.Release|Any CPU.Build.0 = Release|Any CPU
	EndGlobalSection
	GlobalSection(SolutionProperties) = preSolution
		HideSolutionNode = FALSE
	EndGlobalSection
	GlobalSection(ExtensibilityGlobals) = postSolution
		SolutionGuid = {CDB52A4E-A00B-4268-9A7A-177169638A64}
	EndGlobalSection
EndGlobal
